{
    "version": 3,
    "terraform_version": "0.11.11",
    "serial": 6,
    "lineage": "0d34b46d-8b52-421c-6ee9-c3643566e63f",
    "modules": [
        {
            "path": [
                "root"
            ],
            "outputs": {
                "availability_zones": {
                    "sensitive": false,
                    "type": "list",
                    "value": [
                        "us-east-1a",
                        "us-east-1b",
                        "us-east-1c",
                        "us-east-1d",
                        "us-east-1e",
                        "us-east-1f"
                    ]
                }
            },
            "resources": {
                "aws_autoscaling_group.autoscaling_group": {
                    "type": "aws_autoscaling_group",
                    "depends_on": [
                        "aws_launch_configuration.launch_configuration",
                        "aws_subnet.public.*"
                    ],
                    "primary": {
                        "id": "staging-clearscale-andrews",
                        "attributes": {
                            "arn": "arn:aws:autoscaling:us-east-1:759514674373:autoScalingGroup:6c608bc4-b497-44cf-b5d8-c6583d4fa5b9:autoScalingGroupName/staging-clearscale-andrews",
                            "availability_zones.#": "3",
                            "availability_zones.1305112097": "us-east-1b",
                            "availability_zones.3569565595": "us-east-1a",
                            "availability_zones.986537655": "us-east-1c",
                            "default_cooldown": "300",
                            "desired_capacity": "1",
                            "enabled_metrics.#": "0",
                            "force_delete": "false",
                            "health_check_grace_period": "10",
                            "health_check_type": "EC2",
                            "id": "staging-clearscale-andrews",
                            "launch_configuration": "staging-clearscale-andrews",
                            "launch_template.#": "0",
                            "load_balancers.#": "0",
                            "max_size": "2",
                            "metrics_granularity": "1Minute",
                            "min_size": "1",
                            "mixed_instances_policy.#": "0",
                            "name": "staging-clearscale-andrews",
                            "placement_group": "",
                            "protect_from_scale_in": "false",
                            "service_linked_role_arn": "arn:aws:iam::759514674373:role/aws-service-role/autoscaling.amazonaws.com/AWSServiceRoleForAutoScaling",
                            "suspended_processes.#": "0",
                            "tag.#": "1",
                            "tag.3078836319.key": "Name",
                            "tag.3078836319.propagate_at_launch": "true",
                            "tag.3078836319.value": "staging-clearscale-andrews",
                            "target_group_arns.#": "0",
                            "termination_policies.#": "0",
                            "vpc_zone_identifier.#": "3",
                            "vpc_zone_identifier.322877874": "subnet-0c59f52ac8b10ebf3",
                            "vpc_zone_identifier.3324150383": "subnet-020c2acd9da9aa5f7",
                            "vpc_zone_identifier.626041578": "subnet-04a74a031bfc342c2",
                            "wait_for_capacity_timeout": "10m"
                        },
                        "meta": {
                            "e2bfb730-ecaa-11e6-8f88-34363bc7c4c0": {
                                "delete": 600000000000
                            }
                        },
                        "tainted": false
                    },
                    "deposed": [],
                    "provider": "provider.aws"
                },
                "aws_ecr_repository.ecr_repository": {
                    "type": "aws_ecr_repository",
                    "depends_on": [],
                    "primary": {
                        "id": "staging-clearscale-andrews",
                        "attributes": {
                            "arn": "arn:aws:ecr:us-east-1:759514674373:repository/staging-clearscale-andrews",
                            "id": "staging-clearscale-andrews",
                            "image_scanning_configuration.#": "1",
                            "image_scanning_configuration.0.scan_on_push": "false",
                            "image_tag_mutability": "MUTABLE",
                            "name": "staging-clearscale-andrews",
                            "registry_id": "759514674373",
                            "repository_url": "759514674373.dkr.ecr.us-east-1.amazonaws.com/staging-clearscale-andrews",
                            "tags.%": "0"
                        },
                        "meta": {
                            "e2bfb730-ecaa-11e6-8f88-34363bc7c4c0": {
                                "delete": 1200000000000
                            }
                        },
                        "tainted": false
                    },
                    "deposed": [],
                    "provider": "provider.aws"
                },
                "aws_ecr_repository_policy.ecr_repository_policy": {
                    "type": "aws_ecr_repository_policy",
                    "depends_on": [
                        "aws_ecr_repository.ecr_repository"
                    ],
                    "primary": {
                        "id": "staging-clearscale-andrews",
                        "attributes": {
                            "id": "staging-clearscale-andrews",
                            "policy": "{\n  \"Version\" : \"2012-10-17\",\n  \"Statement\" : [ {\n    \"Sid\" : \"CodeBuildAccess\",\n    \"Effect\" : \"Allow\",\n    \"Principal\" : {\n      \"Service\" : \"codebuild.amazonaws.com\"\n    },\n    \"Action\" : [ \"ecr:GetDownloadUrlForLayer\", \"ecr:BatchGetImage\", \"ecr:BatchCheckLayerAvailability\" ]\n  } ]\n}",
                            "registry_id": "759514674373",
                            "repository": "staging-clearscale-andrews"
                        },
                        "meta": {},
                        "tainted": false
                    },
                    "deposed": [],
                    "provider": "provider.aws"
                },
                "aws_ecs_cluster.cluster": {
                    "type": "aws_ecs_cluster",
                    "depends_on": [],
                    "primary": {
                        "id": "arn:aws:ecs:us-east-1:759514674373:cluster/staging-clearscale-andrews",
                        "attributes": {
                            "arn": "arn:aws:ecs:us-east-1:759514674373:cluster/staging-clearscale-andrews",
                            "id": "arn:aws:ecs:us-east-1:759514674373:cluster/staging-clearscale-andrews",
                            "name": "staging-clearscale-andrews",
                            "setting.#": "1",
                            "setting.1157067080.name": "containerInsights",
                            "setting.1157067080.value": "disabled",
                            "tags.%": "0"
                        },
                        "meta": {},
                        "tainted": false
                    },
                    "deposed": [],
                    "provider": "provider.aws"
                },
                "aws_ecs_service.ecs_service": {
                    "type": "aws_ecs_service",
                    "depends_on": [
                        "aws_ecs_cluster.cluster",
                        "aws_ecs_task_definition.task_definition",
                        "aws_iam_role.ecs_service_role",
                        "aws_lb_target_group.target_group"
                    ],
                    "primary": {
                        "id": "arn:aws:ecs:us-east-1:759514674373:service/staging-clearscale-andrews",
                        "attributes": {
                            "cluster": "arn:aws:ecs:us-east-1:759514674373:cluster/staging-clearscale-andrews",
                            "deployment_controller.#": "1",
                            "deployment_controller.0.type": "ECS",
                            "deployment_maximum_percent": "200",
                            "deployment_minimum_healthy_percent": "50",
                            "desired_count": "1",
                            "enable_ecs_managed_tags": "false",
                            "health_check_grace_period_seconds": "50",
                            "iam_role": "staging-clearscale-andrews-ecs-service-role",
                            "id": "arn:aws:ecs:us-east-1:759514674373:service/staging-clearscale-andrews",
                            "launch_type": "EC2",
                            "load_balancer.#": "1",
                            "load_balancer.2562939516.container_name": "clearscale-andrews",
                            "load_balancer.2562939516.container_port": "80",
                            "load_balancer.2562939516.elb_name": "",
                            "load_balancer.2562939516.target_group_arn": "arn:aws:elasticloadbalancing:us-east-1:759514674373:targetgroup/staging-clearscale-andrews/66938e6ba656694b",
                            "name": "staging-clearscale-andrews",
                            "network_configuration.#": "0",
                            "ordered_placement_strategy.#": "2",
                            "ordered_placement_strategy.0.field": "instanceId",
                            "ordered_placement_strategy.0.type": "spread",
                            "ordered_placement_strategy.1.field": "attribute:ecs.availability-zone",
                            "ordered_placement_strategy.1.type": "spread",
                            "placement_constraints.#": "0",
                            "placement_strategy.#": "0",
                            "platform_version": "",
                            "propagate_tags": "NONE",
                            "scheduling_strategy": "REPLICA",
                            "service_registries.#": "0",
                            "tags.%": "0",
                            "task_definition": "arn:aws:ecs:us-east-1:759514674373:task-definition/staging-clearscale-andrews:1"
                        },
                        "meta": {},
                        "tainted": false
                    },
                    "deposed": [],
                    "provider": "provider.aws"
                },
                "aws_ecs_task_definition.task_definition": {
                    "type": "aws_ecs_task_definition",
                    "depends_on": [
                        "data.template_file.task_definition_json"
                    ],
                    "primary": {
                        "id": "staging-clearscale-andrews",
                        "attributes": {
                            "arn": "arn:aws:ecs:us-east-1:759514674373:task-definition/staging-clearscale-andrews:1",
                            "container_definitions": "[{\"cpu\":0,\"environment\":[],\"essential\":true,\"image\":\"759514674373.dkr.ecr.us-east-1.amazonaws.com/staging-clearscale-andrews:latest\",\"logConfiguration\":{\"logDriver\":\"awslogs\",\"options\":{\"awslogs-group\":\"clearscale-andrews-staging\",\"awslogs-region\":\"us-east-1\",\"awslogs-stream-prefix\":\"clearscale-andrews\"}},\"memoryReservation\":256,\"mountPoints\":[],\"name\":\"clearscale-andrews\",\"portMappings\":[{\"containerPort\":80,\"hostPort\":0,\"protocol\":\"tcp\"}],\"volumesFrom\":[]}]",
                            "cpu": "",
                            "execution_role_arn": "",
                            "family": "staging-clearscale-andrews",
                            "id": "staging-clearscale-andrews",
                            "memory": "",
                            "network_mode": "",
                            "placement_constraints.#": "0",
                            "proxy_configuration.#": "0",
                            "requires_compatibilities.#": "0",
                            "revision": "1",
                            "tags.%": "0",
                            "task_role_arn": "",
                            "volume.#": "0"
                        },
                        "meta": {
                            "schema_version": "1"
                        },
                        "tainted": false
                    },
                    "deposed": [],
                    "provider": "provider.aws"
                },
                "aws_iam_instance_profile.ec2_instance_profile": {
                    "type": "aws_iam_instance_profile",
                    "depends_on": [
                        "aws_iam_role.ec2_instance_role"
                    ],
                    "primary": {
                        "id": "staging-clearscale-andrews-instance-profile",
                        "attributes": {
                            "arn": "arn:aws:iam::759514674373:instance-profile/staging-clearscale-andrews-instance-profile",
                            "create_date": "2019-11-24T22:55:39Z",
                            "id": "staging-clearscale-andrews-instance-profile",
                            "name": "staging-clearscale-andrews-instance-profile",
                            "path": "/",
                            "role": "staging-clearscale-andrews-instance-role",
                            "roles.#": "1",
                            "roles.4020558360": "staging-clearscale-andrews-instance-role",
                            "unique_id": "AIPA3BVU2GTCZ6E5UFJEW"
                        },
                        "meta": {},
                        "tainted": false
                    },
                    "deposed": [],
                    "provider": "provider.aws"
                },
                "aws_iam_policy_attachment.ecs_service_policy_attachment": {
                    "type": "aws_iam_policy_attachment",
                    "depends_on": [
                        "aws_iam_role.ecs_service_role"
                    ],
                    "primary": {
                        "id": "staging-clearscale-andrews-instance-policy-attachment",
                        "attributes": {
                            "groups.#": "0",
                            "id": "staging-clearscale-andrews-instance-policy-attachment",
                            "name": "staging-clearscale-andrews-instance-policy-attachment",
                            "policy_arn": "arn:aws:iam::aws:policy/service-role/AmazonEC2ContainerServiceRole",
                            "roles.#": "1",
                            "roles.3735799548": "staging-clearscale-andrews-ecs-service-role",
                            "users.#": "0"
                        },
                        "meta": {},
                        "tainted": false
                    },
                    "deposed": [],
                    "provider": "provider.aws"
                },
                "aws_iam_policy_attachment.sns_service_policy_attachment": {
                    "type": "aws_iam_policy_attachment",
                    "depends_on": [
                        "aws_iam_role.ecs_service_role"
                    ],
                    "primary": {
                        "id": "staging-clearscale-andrews-instance-policy-attachment",
                        "attributes": {
                            "groups.#": "0",
                            "id": "staging-clearscale-andrews-instance-policy-attachment",
                            "name": "staging-clearscale-andrews-instance-policy-attachment",
                            "policy_arn": "arn:aws:iam::aws:policy/AmazonSSMReadOnlyAccess",
                            "roles.#": "1",
                            "roles.3735799548": "staging-clearscale-andrews-ecs-service-role",
                            "users.#": "0"
                        },
                        "meta": {},
                        "tainted": false
                    },
                    "deposed": [],
                    "provider": "provider.aws"
                },
                "aws_iam_role.ec2_instance_role": {
                    "type": "aws_iam_role",
                    "depends_on": [],
                    "primary": {
                        "id": "staging-clearscale-andrews-instance-role",
                        "attributes": {
                            "arn": "arn:aws:iam::759514674373:role/staging-clearscale-andrews-instance-role",
                            "assume_role_policy": "{\"Version\":\"2012-10-17\",\"Statement\":[{\"Sid\":\"\",\"Effect\":\"Allow\",\"Principal\":{\"Service\":\"ec2.amazonaws.com\"},\"Action\":\"sts:AssumeRole\"}]}",
                            "create_date": "2019-11-24T22:55:37Z",
                            "description": "",
                            "force_detach_policies": "false",
                            "id": "staging-clearscale-andrews-instance-role",
                            "max_session_duration": "3600",
                            "name": "staging-clearscale-andrews-instance-role",
                            "path": "/",
                            "tags.%": "1",
                            "tags.Name": "staging-clearscale-andrews-ec2-instance-role",
                            "unique_id": "AROA3BVU2GTCUZ3HJUUQD"
                        },
                        "meta": {},
                        "tainted": false
                    },
                    "deposed": [],
                    "provider": "provider.aws"
                },
                "aws_iam_role.ecs_service_role": {
                    "type": "aws_iam_role",
                    "depends_on": [],
                    "primary": {
                        "id": "staging-clearscale-andrews-ecs-service-role",
                        "attributes": {
                            "arn": "arn:aws:iam::759514674373:role/staging-clearscale-andrews-ecs-service-role",
                            "assume_role_policy": "{\"Version\":\"2012-10-17\",\"Statement\":[{\"Sid\":\"\",\"Effect\":\"Allow\",\"Principal\":{\"Service\":\"ecs.amazonaws.com\"},\"Action\":\"sts:AssumeRole\"}]}",
                            "create_date": "2019-11-24T22:55:37Z",
                            "description": "",
                            "force_detach_policies": "false",
                            "id": "staging-clearscale-andrews-ecs-service-role",
                            "max_session_duration": "3600",
                            "name": "staging-clearscale-andrews-ecs-service-role",
                            "path": "/",
                            "tags.%": "1",
                            "tags.Name": "staging-clearscale-andrews-ecs-service-role",
                            "unique_id": "AROA3BVU2GTC7ZFGTTRBC"
                        },
                        "meta": {},
                        "tainted": false
                    },
                    "deposed": [],
                    "provider": "provider.aws"
                },
                "aws_internet_gateway.internet_gateway": {
                    "type": "aws_internet_gateway",
                    "depends_on": [
                        "aws_vpc.main"
                    ],
                    "primary": {
                        "id": "igw-00ae34cddee9bbd2b",
                        "attributes": {
                            "id": "igw-00ae34cddee9bbd2b",
                            "owner_id": "759514674373",
                            "tags.%": "1",
                            "tags.Name": "staging-clearscale-andrews",
                            "vpc_id": "vpc-0cedb275b58a08c81"
                        },
                        "meta": {},
                        "tainted": false
                    },
                    "deposed": [],
                    "provider": "provider.aws"
                },
                "aws_launch_configuration.launch_configuration": {
                    "type": "aws_launch_configuration",
                    "depends_on": [
                        "aws_iam_instance_profile.ec2_instance_profile",
                        "aws_security_group.http",
                        "aws_security_group.ssh",
                        "data.aws_ami.ecs_ami",
                        "data.template_file.user_data"
                    ],
                    "primary": {
                        "id": "staging-clearscale-andrews",
                        "attributes": {
                            "associate_public_ip_address": "false",
                            "ebs_block_device.#": "0",
                            "ebs_optimized": "false",
                            "enable_monitoring": "true",
                            "ephemeral_block_device.#": "0",
                            "iam_instance_profile": "staging-clearscale-andrews-instance-profile",
                            "id": "staging-clearscale-andrews",
                            "image_id": "ami-0b84afb18c43907ba",
                            "instance_type": "t2.micro",
                            "key_name": "andrews.herrera",
                            "name": "staging-clearscale-andrews",
                            "root_block_device.#": "1",
                            "root_block_device.0.delete_on_termination": "true",
                            "root_block_device.0.encrypted": "false",
                            "root_block_device.0.iops": "0",
                            "root_block_device.0.volume_size": "8",
                            "root_block_device.0.volume_type": "gp2",
                            "security_groups.#": "2",
                            "security_groups.2553299297": "sg-07bbf2b3d7c86bd36",
                            "security_groups.3724333872": "sg-0e5f94ecef20713b1",
                            "spot_price": "",
                            "user_data": "33d4cf9b1f2d3c42b2c4cfd507626057d20d7c52",
                            "vpc_classic_link_id": "",
                            "vpc_classic_link_security_groups.#": "0"
                        },
                        "meta": {},
                        "tainted": false
                    },
                    "deposed": [],
                    "provider": "provider.aws"
                },
                "aws_lb.public_lb": {
                    "type": "aws_lb",
                    "depends_on": [
                        "aws_security_group.http",
                        "aws_subnet.public.*"
                    ],
                    "primary": {
                        "id": "arn:aws:elasticloadbalancing:us-east-1:759514674373:loadbalancer/app/staging-clearscale-andrews/5a2c671440a6c796",
                        "attributes": {
                            "access_logs.#": "1",
                            "access_logs.0.bucket": "",
                            "access_logs.0.enabled": "false",
                            "access_logs.0.prefix": "",
                            "arn": "arn:aws:elasticloadbalancing:us-east-1:759514674373:loadbalancer/app/staging-clearscale-andrews/5a2c671440a6c796",
                            "arn_suffix": "app/staging-clearscale-andrews/5a2c671440a6c796",
                            "dns_name": "staging-clearscale-andrews-954107671.us-east-1.elb.amazonaws.com",
                            "enable_deletion_protection": "false",
                            "enable_http2": "true",
                            "id": "arn:aws:elasticloadbalancing:us-east-1:759514674373:loadbalancer/app/staging-clearscale-andrews/5a2c671440a6c796",
                            "idle_timeout": "60",
                            "internal": "false",
                            "ip_address_type": "ipv4",
                            "load_balancer_type": "application",
                            "name": "staging-clearscale-andrews",
                            "security_groups.#": "1",
                            "security_groups.3724333872": "sg-0e5f94ecef20713b1",
                            "subnet_mapping.#": "3",
                            "subnet_mapping.1243016627.allocation_id": "",
                            "subnet_mapping.1243016627.subnet_id": "subnet-020c2acd9da9aa5f7",
                            "subnet_mapping.2996920289.allocation_id": "",
                            "subnet_mapping.2996920289.subnet_id": "subnet-0c59f52ac8b10ebf3",
                            "subnet_mapping.3609716796.allocation_id": "",
                            "subnet_mapping.3609716796.subnet_id": "subnet-04a74a031bfc342c2",
                            "subnets.#": "3",
                            "subnets.322877874": "subnet-0c59f52ac8b10ebf3",
                            "subnets.3324150383": "subnet-020c2acd9da9aa5f7",
                            "subnets.626041578": "subnet-04a74a031bfc342c2",
                            "tags.%": "1",
                            "tags.Name": "staging-clearscale-andrews",
                            "vpc_id": "vpc-0cedb275b58a08c81",
                            "zone_id": "Z35SXDOTRQ7X7K"
                        },
                        "meta": {
                            "e2bfb730-ecaa-11e6-8f88-34363bc7c4c0": {
                                "create": 600000000000,
                                "delete": 600000000000,
                                "update": 600000000000
                            }
                        },
                        "tainted": false
                    },
                    "deposed": [],
                    "provider": "provider.aws"
                },
                "aws_lb_listener.http": {
                    "type": "aws_lb_listener",
                    "depends_on": [
                        "aws_lb.public_lb",
                        "aws_lb_target_group.target_group"
                    ],
                    "primary": {
                        "id": "arn:aws:elasticloadbalancing:us-east-1:759514674373:listener/app/staging-clearscale-andrews/5a2c671440a6c796/9599cb7b0e939181",
                        "attributes": {
                            "arn": "arn:aws:elasticloadbalancing:us-east-1:759514674373:listener/app/staging-clearscale-andrews/5a2c671440a6c796/9599cb7b0e939181",
                            "default_action.#": "1",
                            "default_action.0.authenticate_cognito.#": "0",
                            "default_action.0.authenticate_oidc.#": "0",
                            "default_action.0.fixed_response.#": "0",
                            "default_action.0.order": "1",
                            "default_action.0.redirect.#": "0",
                            "default_action.0.target_group_arn": "arn:aws:elasticloadbalancing:us-east-1:759514674373:targetgroup/staging-clearscale-andrews/66938e6ba656694b",
                            "default_action.0.type": "forward",
                            "id": "arn:aws:elasticloadbalancing:us-east-1:759514674373:listener/app/staging-clearscale-andrews/5a2c671440a6c796/9599cb7b0e939181",
                            "load_balancer_arn": "arn:aws:elasticloadbalancing:us-east-1:759514674373:loadbalancer/app/staging-clearscale-andrews/5a2c671440a6c796",
                            "port": "80",
                            "protocol": "HTTP",
                            "ssl_policy": ""
                        },
                        "meta": {
                            "e2bfb730-ecaa-11e6-8f88-34363bc7c4c0": {
                                "read": 600000000000
                            }
                        },
                        "tainted": false
                    },
                    "deposed": [],
                    "provider": "provider.aws"
                },
                "aws_lb_target_group.target_group": {
                    "type": "aws_lb_target_group",
                    "depends_on": [
                        "aws_vpc.main"
                    ],
                    "primary": {
                        "id": "arn:aws:elasticloadbalancing:us-east-1:759514674373:targetgroup/staging-clearscale-andrews/66938e6ba656694b",
                        "attributes": {
                            "arn": "arn:aws:elasticloadbalancing:us-east-1:759514674373:targetgroup/staging-clearscale-andrews/66938e6ba656694b",
                            "arn_suffix": "targetgroup/staging-clearscale-andrews/66938e6ba656694b",
                            "deregistration_delay": "300",
                            "health_check.#": "1",
                            "health_check.0.enabled": "true",
                            "health_check.0.healthy_threshold": "5",
                            "health_check.0.interval": "5",
                            "health_check.0.matcher": "200",
                            "health_check.0.path": "/",
                            "health_check.0.port": "traffic-port",
                            "health_check.0.protocol": "HTTP",
                            "health_check.0.timeout": "3",
                            "health_check.0.unhealthy_threshold": "5",
                            "id": "arn:aws:elasticloadbalancing:us-east-1:759514674373:targetgroup/staging-clearscale-andrews/66938e6ba656694b",
                            "lambda_multi_value_headers_enabled": "false",
                            "name": "staging-clearscale-andrews",
                            "port": "80",
                            "protocol": "HTTP",
                            "proxy_protocol_v2": "false",
                            "slow_start": "0",
                            "stickiness.#": "1",
                            "stickiness.0.cookie_duration": "86400",
                            "stickiness.0.enabled": "false",
                            "stickiness.0.type": "lb_cookie",
                            "tags.%": "0",
                            "target_type": "instance",
                            "vpc_id": "vpc-0cedb275b58a08c81"
                        },
                        "meta": {},
                        "tainted": false
                    },
                    "deposed": [],
                    "provider": "provider.aws"
                },
                "aws_route_table.public": {
                    "type": "aws_route_table",
                    "depends_on": [
                        "aws_internet_gateway.internet_gateway",
                        "aws_vpc.main"
                    ],
                    "primary": {
                        "id": "rtb-0140e427a4e59b773",
                        "attributes": {
                            "id": "rtb-0140e427a4e59b773",
                            "owner_id": "759514674373",
                            "propagating_vgws.#": "0",
                            "route.#": "1",
                            "route.2210257512.cidr_block": "0.0.0.0/0",
                            "route.2210257512.egress_only_gateway_id": "",
                            "route.2210257512.gateway_id": "igw-00ae34cddee9bbd2b",
                            "route.2210257512.instance_id": "",
                            "route.2210257512.ipv6_cidr_block": "",
                            "route.2210257512.nat_gateway_id": "",
                            "route.2210257512.network_interface_id": "",
                            "route.2210257512.transit_gateway_id": "",
                            "route.2210257512.vpc_peering_connection_id": "",
                            "tags.%": "1",
                            "tags.Name": "staging-clearscale-andrews-public",
                            "vpc_id": "vpc-0cedb275b58a08c81"
                        },
                        "meta": {},
                        "tainted": false
                    },
                    "deposed": [],
                    "provider": "provider.aws"
                },
                "aws_route_table_association.public.0": {
                    "type": "aws_route_table_association",
                    "depends_on": [
                        "aws_route_table.public",
                        "aws_subnet.public.*"
                    ],
                    "primary": {
                        "id": "rtbassoc-09b30f60cb97ef77c",
                        "attributes": {
                            "id": "rtbassoc-09b30f60cb97ef77c",
                            "route_table_id": "rtb-0140e427a4e59b773",
                            "subnet_id": "subnet-020c2acd9da9aa5f7"
                        },
                        "meta": {},
                        "tainted": false
                    },
                    "deposed": [],
                    "provider": "provider.aws"
                },
                "aws_route_table_association.public.1": {
                    "type": "aws_route_table_association",
                    "depends_on": [
                        "aws_route_table.public",
                        "aws_subnet.public.*"
                    ],
                    "primary": {
                        "id": "rtbassoc-0c4ccf0aebaf718a7",
                        "attributes": {
                            "id": "rtbassoc-0c4ccf0aebaf718a7",
                            "route_table_id": "rtb-0140e427a4e59b773",
                            "subnet_id": "subnet-0c59f52ac8b10ebf3"
                        },
                        "meta": {},
                        "tainted": false
                    },
                    "deposed": [],
                    "provider": "provider.aws"
                },
                "aws_route_table_association.public.2": {
                    "type": "aws_route_table_association",
                    "depends_on": [
                        "aws_route_table.public",
                        "aws_subnet.public.*"
                    ],
                    "primary": {
                        "id": "rtbassoc-06298aca57d002b7c",
                        "attributes": {
                            "id": "rtbassoc-06298aca57d002b7c",
                            "route_table_id": "rtb-0140e427a4e59b773",
                            "subnet_id": "subnet-04a74a031bfc342c2"
                        },
                        "meta": {},
                        "tainted": false
                    },
                    "deposed": [],
                    "provider": "provider.aws"
                },
                "aws_security_group.http": {
                    "type": "aws_security_group",
                    "depends_on": [
                        "aws_vpc.main"
                    ],
                    "primary": {
                        "id": "sg-0e5f94ecef20713b1",
                        "attributes": {
                            "arn": "arn:aws:ec2:us-east-1:759514674373:security-group/sg-0e5f94ecef20713b1",
                            "description": "Managed by Terraform",
                            "egress.#": "1",
                            "egress.482069346.cidr_blocks.#": "1",
                            "egress.482069346.cidr_blocks.0": "0.0.0.0/0",
                            "egress.482069346.description": "",
                            "egress.482069346.from_port": "0",
                            "egress.482069346.ipv6_cidr_blocks.#": "0",
                            "egress.482069346.prefix_list_ids.#": "0",
                            "egress.482069346.protocol": "-1",
                            "egress.482069346.security_groups.#": "0",
                            "egress.482069346.self": "false",
                            "egress.482069346.to_port": "0",
                            "id": "sg-0e5f94ecef20713b1",
                            "ingress.#": "1",
                            "ingress.2214680975.cidr_blocks.#": "1",
                            "ingress.2214680975.cidr_blocks.0": "0.0.0.0/0",
                            "ingress.2214680975.description": "",
                            "ingress.2214680975.from_port": "80",
                            "ingress.2214680975.ipv6_cidr_blocks.#": "0",
                            "ingress.2214680975.prefix_list_ids.#": "0",
                            "ingress.2214680975.protocol": "tcp",
                            "ingress.2214680975.security_groups.#": "0",
                            "ingress.2214680975.self": "false",
                            "ingress.2214680975.to_port": "80",
                            "name": "staging-clearscale-andrews-HTTP",
                            "owner_id": "759514674373",
                            "revoke_rules_on_delete": "false",
                            "tags.%": "1",
                            "tags.Name": "staging-clearscale-andrews-HTTP",
                            "vpc_id": "vpc-0cedb275b58a08c81"
                        },
                        "meta": {
                            "e2bfb730-ecaa-11e6-8f88-34363bc7c4c0": {
                                "create": 600000000000,
                                "delete": 600000000000
                            },
                            "schema_version": "1"
                        },
                        "tainted": false
                    },
                    "deposed": [],
                    "provider": "provider.aws"
                },
                "aws_security_group.ssh": {
                    "type": "aws_security_group",
                    "depends_on": [
                        "aws_vpc.main"
                    ],
                    "primary": {
                        "id": "sg-07bbf2b3d7c86bd36",
                        "attributes": {
                            "arn": "arn:aws:ec2:us-east-1:759514674373:security-group/sg-07bbf2b3d7c86bd36",
                            "description": "Managed by Terraform",
                            "egress.#": "1",
                            "egress.482069346.cidr_blocks.#": "1",
                            "egress.482069346.cidr_blocks.0": "0.0.0.0/0",
                            "egress.482069346.description": "",
                            "egress.482069346.from_port": "0",
                            "egress.482069346.ipv6_cidr_blocks.#": "0",
                            "egress.482069346.prefix_list_ids.#": "0",
                            "egress.482069346.protocol": "-1",
                            "egress.482069346.security_groups.#": "0",
                            "egress.482069346.self": "false",
                            "egress.482069346.to_port": "0",
                            "id": "sg-07bbf2b3d7c86bd36",
                            "ingress.#": "1",
                            "ingress.2541437006.cidr_blocks.#": "1",
                            "ingress.2541437006.cidr_blocks.0": "0.0.0.0/0",
                            "ingress.2541437006.description": "",
                            "ingress.2541437006.from_port": "22",
                            "ingress.2541437006.ipv6_cidr_blocks.#": "0",
                            "ingress.2541437006.prefix_list_ids.#": "0",
                            "ingress.2541437006.protocol": "tcp",
                            "ingress.2541437006.security_groups.#": "0",
                            "ingress.2541437006.self": "false",
                            "ingress.2541437006.to_port": "22",
                            "name": "staging-clearscale-andrews-SSH",
                            "owner_id": "759514674373",
                            "revoke_rules_on_delete": "false",
                            "tags.%": "1",
                            "tags.Name": "staging-clearscale-andrews-SSH",
                            "vpc_id": "vpc-0cedb275b58a08c81"
                        },
                        "meta": {
                            "e2bfb730-ecaa-11e6-8f88-34363bc7c4c0": {
                                "create": 600000000000,
                                "delete": 600000000000
                            },
                            "schema_version": "1"
                        },
                        "tainted": false
                    },
                    "deposed": [],
                    "provider": "provider.aws"
                },
                "aws_subnet.private.0": {
                    "type": "aws_subnet",
                    "depends_on": [
                        "aws_vpc.main",
                        "data.aws_availability_zones.available"
                    ],
                    "primary": {
                        "id": "subnet-006587cf91bd60072",
                        "attributes": {
                            "arn": "arn:aws:ec2:us-east-1:759514674373:subnet/subnet-006587cf91bd60072",
                            "assign_ipv6_address_on_creation": "false",
                            "availability_zone": "us-east-1a",
                            "availability_zone_id": "use1-az6",
                            "cidr_block": "10.1.100.0/24",
                            "id": "subnet-006587cf91bd60072",
                            "ipv6_cidr_block": "",
                            "ipv6_cidr_block_association_id": "",
                            "map_public_ip_on_launch": "false",
                            "owner_id": "759514674373",
                            "tags.%": "1",
                            "tags.Name": "staging-clearscale-andrews-private-us-east-1a",
                            "vpc_id": "vpc-0cedb275b58a08c81"
                        },
                        "meta": {
                            "e2bfb730-ecaa-11e6-8f88-34363bc7c4c0": {
                                "create": 600000000000,
                                "delete": 1200000000000
                            },
                            "schema_version": "1"
                        },
                        "tainted": false
                    },
                    "deposed": [],
                    "provider": "provider.aws"
                },
                "aws_subnet.private.1": {
                    "type": "aws_subnet",
                    "depends_on": [
                        "aws_vpc.main",
                        "data.aws_availability_zones.available"
                    ],
                    "primary": {
                        "id": "subnet-0f44e59aa7bf76209",
                        "attributes": {
                            "arn": "arn:aws:ec2:us-east-1:759514674373:subnet/subnet-0f44e59aa7bf76209",
                            "assign_ipv6_address_on_creation": "false",
                            "availability_zone": "us-east-1b",
                            "availability_zone_id": "use1-az1",
                            "cidr_block": "10.1.101.0/24",
                            "id": "subnet-0f44e59aa7bf76209",
                            "ipv6_cidr_block": "",
                            "ipv6_cidr_block_association_id": "",
                            "map_public_ip_on_launch": "false",
                            "owner_id": "759514674373",
                            "tags.%": "1",
                            "tags.Name": "staging-clearscale-andrews-private-us-east-1b",
                            "vpc_id": "vpc-0cedb275b58a08c81"
                        },
                        "meta": {
                            "e2bfb730-ecaa-11e6-8f88-34363bc7c4c0": {
                                "create": 600000000000,
                                "delete": 1200000000000
                            },
                            "schema_version": "1"
                        },
                        "tainted": false
                    },
                    "deposed": [],
                    "provider": "provider.aws"
                },
                "aws_subnet.private.2": {
                    "type": "aws_subnet",
                    "depends_on": [
                        "aws_vpc.main",
                        "data.aws_availability_zones.available"
                    ],
                    "primary": {
                        "id": "subnet-0426f4d5025e59664",
                        "attributes": {
                            "arn": "arn:aws:ec2:us-east-1:759514674373:subnet/subnet-0426f4d5025e59664",
                            "assign_ipv6_address_on_creation": "false",
                            "availability_zone": "us-east-1c",
                            "availability_zone_id": "use1-az2",
                            "cidr_block": "10.1.102.0/24",
                            "id": "subnet-0426f4d5025e59664",
                            "ipv6_cidr_block": "",
                            "ipv6_cidr_block_association_id": "",
                            "map_public_ip_on_launch": "false",
                            "owner_id": "759514674373",
                            "tags.%": "1",
                            "tags.Name": "staging-clearscale-andrews-private-us-east-1c",
                            "vpc_id": "vpc-0cedb275b58a08c81"
                        },
                        "meta": {
                            "e2bfb730-ecaa-11e6-8f88-34363bc7c4c0": {
                                "create": 600000000000,
                                "delete": 1200000000000
                            },
                            "schema_version": "1"
                        },
                        "tainted": false
                    },
                    "deposed": [],
                    "provider": "provider.aws"
                },
                "aws_subnet.public.0": {
                    "type": "aws_subnet",
                    "depends_on": [
                        "aws_vpc.main",
                        "data.aws_availability_zones.available"
                    ],
                    "primary": {
                        "id": "subnet-020c2acd9da9aa5f7",
                        "attributes": {
                            "arn": "arn:aws:ec2:us-east-1:759514674373:subnet/subnet-020c2acd9da9aa5f7",
                            "assign_ipv6_address_on_creation": "false",
                            "availability_zone": "us-east-1a",
                            "availability_zone_id": "use1-az6",
                            "cidr_block": "10.1.0.0/24",
                            "id": "subnet-020c2acd9da9aa5f7",
                            "ipv6_cidr_block": "",
                            "ipv6_cidr_block_association_id": "",
                            "map_public_ip_on_launch": "true",
                            "owner_id": "759514674373",
                            "tags.%": "1",
                            "tags.Name": "staging-clearscale-andrews-public-us-east-1a",
                            "vpc_id": "vpc-0cedb275b58a08c81"
                        },
                        "meta": {
                            "e2bfb730-ecaa-11e6-8f88-34363bc7c4c0": {
                                "create": 600000000000,
                                "delete": 1200000000000
                            },
                            "schema_version": "1"
                        },
                        "tainted": false
                    },
                    "deposed": [],
                    "provider": "provider.aws"
                },
                "aws_subnet.public.1": {
                    "type": "aws_subnet",
                    "depends_on": [
                        "aws_vpc.main",
                        "data.aws_availability_zones.available"
                    ],
                    "primary": {
                        "id": "subnet-0c59f52ac8b10ebf3",
                        "attributes": {
                            "arn": "arn:aws:ec2:us-east-1:759514674373:subnet/subnet-0c59f52ac8b10ebf3",
                            "assign_ipv6_address_on_creation": "false",
                            "availability_zone": "us-east-1b",
                            "availability_zone_id": "use1-az1",
                            "cidr_block": "10.1.1.0/24",
                            "id": "subnet-0c59f52ac8b10ebf3",
                            "ipv6_cidr_block": "",
                            "ipv6_cidr_block_association_id": "",
                            "map_public_ip_on_launch": "true",
                            "owner_id": "759514674373",
                            "tags.%": "1",
                            "tags.Name": "staging-clearscale-andrews-public-us-east-1b",
                            "vpc_id": "vpc-0cedb275b58a08c81"
                        },
                        "meta": {
                            "e2bfb730-ecaa-11e6-8f88-34363bc7c4c0": {
                                "create": 600000000000,
                                "delete": 1200000000000
                            },
                            "schema_version": "1"
                        },
                        "tainted": false
                    },
                    "deposed": [],
                    "provider": "provider.aws"
                },
                "aws_subnet.public.2": {
                    "type": "aws_subnet",
                    "depends_on": [
                        "aws_vpc.main",
                        "data.aws_availability_zones.available"
                    ],
                    "primary": {
                        "id": "subnet-04a74a031bfc342c2",
                        "attributes": {
                            "arn": "arn:aws:ec2:us-east-1:759514674373:subnet/subnet-04a74a031bfc342c2",
                            "assign_ipv6_address_on_creation": "false",
                            "availability_zone": "us-east-1c",
                            "availability_zone_id": "use1-az2",
                            "cidr_block": "10.1.2.0/24",
                            "id": "subnet-04a74a031bfc342c2",
                            "ipv6_cidr_block": "",
                            "ipv6_cidr_block_association_id": "",
                            "map_public_ip_on_launch": "true",
                            "owner_id": "759514674373",
                            "tags.%": "1",
                            "tags.Name": "staging-clearscale-andrews-public-us-east-1c",
                            "vpc_id": "vpc-0cedb275b58a08c81"
                        },
                        "meta": {
                            "e2bfb730-ecaa-11e6-8f88-34363bc7c4c0": {
                                "create": 600000000000,
                                "delete": 1200000000000
                            },
                            "schema_version": "1"
                        },
                        "tainted": false
                    },
                    "deposed": [],
                    "provider": "provider.aws"
                },
                "aws_vpc.main": {
                    "type": "aws_vpc",
                    "depends_on": [],
                    "primary": {
                        "id": "vpc-0cedb275b58a08c81",
                        "attributes": {
                            "arn": "arn:aws:ec2:us-east-1:759514674373:vpc/vpc-0cedb275b58a08c81",
                            "assign_generated_ipv6_cidr_block": "false",
                            "cidr_block": "10.1.0.0/16",
                            "default_network_acl_id": "acl-0be0cfb0948816221",
                            "default_route_table_id": "rtb-03e16be8d8aae1185",
                            "default_security_group_id": "sg-0dd9f288c4e0692a4",
                            "dhcp_options_id": "dopt-1d2b9464",
                            "enable_classiclink": "false",
                            "enable_classiclink_dns_support": "false",
                            "enable_dns_hostnames": "false",
                            "enable_dns_support": "true",
                            "id": "vpc-0cedb275b58a08c81",
                            "instance_tenancy": "default",
                            "ipv6_association_id": "",
                            "ipv6_cidr_block": "",
                            "main_route_table_id": "rtb-03e16be8d8aae1185",
                            "owner_id": "759514674373",
                            "tags.%": "1",
                            "tags.Name": "staging-clearscale-andrews"
                        },
                        "meta": {
                            "schema_version": "1"
                        },
                        "tainted": false
                    },
                    "deposed": [],
                    "provider": "provider.aws"
                },
                "data.aws_ami.ecs_ami": {
                    "type": "aws_ami",
                    "depends_on": [],
                    "primary": {
                        "id": "ami-0b84afb18c43907ba",
                        "attributes": {
                            "architecture": "x86_64",
                            "block_device_mappings.#": "2",
                            "block_device_mappings.2538004115.device_name": "/dev/xvdcz",
                            "block_device_mappings.2538004115.ebs.%": "6",
                            "block_device_mappings.2538004115.ebs.delete_on_termination": "true",
                            "block_device_mappings.2538004115.ebs.encrypted": "false",
                            "block_device_mappings.2538004115.ebs.iops": "0",
                            "block_device_mappings.2538004115.ebs.snapshot_id": "",
                            "block_device_mappings.2538004115.ebs.volume_size": "22",
                            "block_device_mappings.2538004115.ebs.volume_type": "gp2",
                            "block_device_mappings.2538004115.no_device": "",
                            "block_device_mappings.2538004115.virtual_name": "",
                            "block_device_mappings.340275815.device_name": "/dev/xvda",
                            "block_device_mappings.340275815.ebs.%": "6",
                            "block_device_mappings.340275815.ebs.delete_on_termination": "true",
                            "block_device_mappings.340275815.ebs.encrypted": "false",
                            "block_device_mappings.340275815.ebs.iops": "0",
                            "block_device_mappings.340275815.ebs.snapshot_id": "snap-01fe73f6eb77f5736",
                            "block_device_mappings.340275815.ebs.volume_size": "8",
                            "block_device_mappings.340275815.ebs.volume_type": "gp2",
                            "block_device_mappings.340275815.no_device": "",
                            "block_device_mappings.340275815.virtual_name": "",
                            "creation_date": "2019-11-12T17:18:59.000Z",
                            "description": "Amazon Linux AMI 2018.03.20191114 x86_64 ECS HVM GP2",
                            "filter.#": "3",
                            "filter.3263794121.name": "name",
                            "filter.3263794121.values.#": "1",
                            "filter.3263794121.values.0": "amzn-ami-*-amazon-ecs-optimized*",
                            "filter.490168357.name": "virtualization-type",
                            "filter.490168357.values.#": "1",
                            "filter.490168357.values.0": "hvm",
                            "filter.574890044.name": "owner-alias",
                            "filter.574890044.values.#": "1",
                            "filter.574890044.values.0": "amazon",
                            "hypervisor": "xen",
                            "id": "ami-0b84afb18c43907ba",
                            "image_id": "ami-0b84afb18c43907ba",
                            "image_location": "amazon/amzn-ami-2018.03.20191114-amazon-ecs-optimized",
                            "image_owner_alias": "amazon",
                            "image_type": "machine",
                            "most_recent": "true",
                            "name": "amzn-ami-2018.03.20191114-amazon-ecs-optimized",
                            "owner_id": "591542846629",
                            "owners.#": "1",
                            "owners.0": "amazon",
                            "product_codes.#": "0",
                            "public": "true",
                            "root_device_name": "/dev/xvda",
                            "root_device_type": "ebs",
                            "root_snapshot_id": "snap-01fe73f6eb77f5736",
                            "sriov_net_support": "simple",
                            "state": "available",
                            "state_reason.%": "2",
                            "state_reason.code": "UNSET",
                            "state_reason.message": "UNSET",
                            "tags.%": "0",
                            "virtualization_type": "hvm"
                        },
                        "meta": {},
                        "tainted": false
                    },
                    "deposed": [],
                    "provider": "provider.aws"
                },
                "data.aws_availability_zones.available": {
                    "type": "aws_availability_zones",
                    "depends_on": [],
                    "primary": {
                        "id": "2019-11-24 23:22:06.059989 +0000 UTC",
                        "attributes": {
                            "id": "2019-11-24 23:22:06.059989 +0000 UTC",
                            "names.#": "6",
                            "names.0": "us-east-1a",
                            "names.1": "us-east-1b",
                            "names.2": "us-east-1c",
                            "names.3": "us-east-1d",
                            "names.4": "us-east-1e",
                            "names.5": "us-east-1f",
                            "zone_ids.#": "6",
                            "zone_ids.0": "use1-az6",
                            "zone_ids.1": "use1-az1",
                            "zone_ids.2": "use1-az2",
                            "zone_ids.3": "use1-az4",
                            "zone_ids.4": "use1-az3",
                            "zone_ids.5": "use1-az5"
                        },
                        "meta": {},
                        "tainted": false
                    },
                    "deposed": [],
                    "provider": "provider.aws"
                },
                "data.template_file.task_definition_json": {
                    "type": "template_file",
                    "depends_on": [
                        "aws_ecr_repository.ecr_repository"
                    ],
                    "primary": {
                        "id": "7917372685b4ff4ec7cb00399418cea3afdb0815f293530cd77695dec2966d51",
                        "attributes": {
                            "id": "7917372685b4ff4ec7cb00399418cea3afdb0815f293530cd77695dec2966d51",
                            "rendered": "[\n  {\n    \"memoryReservation\": 256,\n    \"name\": \"clearscale-andrews\",\n    \"mountPoints\": [],\n    \"image\": \"759514674373.dkr.ecr.us-east-1.amazonaws.com/staging-clearscale-andrews:latest\",\n    \"essential\": true,\n    \"cpu\": 0,\n    \"volumesFrom\": [],\n    \"portMappings\": [\n      {\n        \"protocol\": \"tcp\",\n        \"containerPort\": 80,\n        \"hostPort\": 0\n      }\n    ],\n    \"logConfiguration\": {\n      \"logDriver\": \"awslogs\",\n      \"options\": {\n        \"awslogs-group\": \"clearscale-andrews-staging\",\n        \"awslogs-region\": \"us-east-1\",\n        \"awslogs-stream-prefix\": \"clearscale-andrews\"\n      }\n    }\n  }\n]\n",
                            "template": "[\n  {\n    \"memoryReservation\": 256,\n    \"name\": \"${container_name}\",\n    \"mountPoints\": [],\n    \"image\": \"${docker_image}\",\n    \"essential\": true,\n    \"cpu\": 0,\n    \"volumesFrom\": [],\n    \"portMappings\": [\n      {\n        \"protocol\": \"tcp\",\n        \"containerPort\": 80,\n        \"hostPort\": 0\n      }\n    ],\n    \"logConfiguration\": {\n      \"logDriver\": \"awslogs\",\n      \"options\": {\n        \"awslogs-group\": \"${project_name}-${environment}\",\n        \"awslogs-region\": \"${aws_region}\",\n        \"awslogs-stream-prefix\": \"${project_name}\"\n      }\n    }\n  }\n]\n",
                            "vars.%": "5",
                            "vars.aws_region": "us-east-1",
                            "vars.container_name": "clearscale-andrews",
                            "vars.docker_image": "759514674373.dkr.ecr.us-east-1.amazonaws.com/staging-clearscale-andrews:latest",
                            "vars.environment": "staging",
                            "vars.project_name": "clearscale-andrews"
                        },
                        "meta": {},
                        "tainted": false
                    },
                    "deposed": [],
                    "provider": "provider.template"
                },
                "data.template_file.user_data": {
                    "type": "template_file",
                    "depends_on": [],
                    "primary": {
                        "id": "b875f928546aee7855cb1db9afc8ab3f1a8a34d43de5bbd62f7076d7ba9f3917",
                        "attributes": {
                            "id": "b875f928546aee7855cb1db9afc8ab3f1a8a34d43de5bbd62f7076d7ba9f3917",
                            "rendered": "#!/bin/bash\n",
                            "template": "#!/bin/bash\n"
                        },
                        "meta": {},
                        "tainted": false
                    },
                    "deposed": [],
                    "provider": "provider.template"
                }
            },
            "depends_on": []
        }
    ]
}
